
Microsoft Visual Studio Solution File, Format Version 12.00
# Visual Studio 15
VisualStudioVersion = 15.0.28010.2048
MinimumVisualStudioVersion = 10.0.40219.1
Project("{2150E333-8FDC-42A3-9474-1A3956D46DE8}") = "Solution Items", "Solution Items", "{C83C0585-B122-4AEA-8776-AD7757ADD28D}"
	ProjectSection(SolutionItems) = preProject
		Google_start_page_imitation.css = Google_start_page_imitation.css
		Google_start_page_imitation.html = Google_start_page_imitation.html
	EndProjectSection
EndProject
Project("{2150E333-8FDC-42A3-9474-1A3956D46DE8}") = "Img", "Img", "{072C3771-4DFA-4A23-BBEF-67C19DFB55F3}"
	ProjectSection(SolutionItems) = preProject
		Img\google_logo.png = Img\google_logo.png
	EndProjectSection
EndProject
Global
	GlobalSection(SolutionProperties) = preSolution
		HideSolutionNode = FALSE
	EndGlobalSection
	GlobalSection(ExtensibilityGlobals) = postSolution
		SolutionGuid = {4F615EF5-2491-488A-B519-74D5BF1225A5}
	EndGlobalSection
EndGlobal
